{
  "originHash" : "b2f8c50efecfa09b7cab36087f26fa829d0035892e459272340e3d1013e30dd0",
  "pins" : [
    {
      "identity" : "sdwebimage",
      "kind" : "remoteSourceControl",
      "location" : "https://github.com/SDWebImage/SDWebImage",
      "state" : {
        "revision" : "f6afa0132961d593f07970d84e2d8b588c29ea04",
        "version" : "5.19.1"
      }
    }
  ],
  "version" : 3
}
